
Microsoft Visual Studio Solution File, Format Version 12.00
# Visual Studio Version 16
VisualStudioVersion = 16.0.33328.57
MinimumVisualStudioVersion = 10.0.40219.1
Project("{FAE04EC0-301F-11D3-BF4B-00C04F79EFBC}") = "KalkWPFfromINET", "KalkWPFfromINET.csproj", "{B9BB5BB9-F91C-45A6-B23D-FC70E99003ED}"
EndProject
Global
	GlobalSection(SolutionConfigurationPlatforms) = preSolution
		Debug|Any CPU = Debug|Any CPU
		Release|Any CPU = Release|Any CPU
	EndGlobalSection
	GlobalSection(ProjectConfigurationPlatforms) = postSolution
		{B9BB5BB9-F91C-45A6-B23D-FC70E99003ED}.Debug|Any CPU.ActiveCfg = Debug|Any CPU
		{B9BB5BB9-F91C-45A6-B23D-FC70E99003ED}.Debug|Any CPU.Build.0 = Debug|Any CPU
		{B9BB5BB9-F91C-45A6-B23D-FC70E99003ED}.Release|Any CPU.ActiveCfg = Release|Any CPU
		{B9BB5BB9-F91C-45A6-B23D-FC70E99003ED}.Release|Any CPU.Build.0 = Release|Any CPU
	EndGlobalSection
	GlobalSection(SolutionProperties) = preSolution
		HideSolutionNode = FALSE
	EndGlobalSection
	GlobalSection(ExtensibilityGlobals) = postSolution
		SolutionGuid = {7E7B6A76-4BA5-4554-A9F7-9CF262BC94F8}
	EndGlobalSection
EndGlobal
